
Microsoft Visual Studio Solution File, Format Version 12.00
# Visual Studio Version 17
VisualStudioVersion = 17.1.32228.430
MinimumVisualStudioVersion = 10.0.40219.1
Project("{FAE04EC0-301F-11D3-BF4B-00C04F79EFBC}") = "tugas pbo", "tugas pbo\tugas pbo.csproj", "{1F7C8CB2-E6BF-4324-9C98-8FA0D14E7603}"
EndProject
Global
	GlobalSection(SolutionConfigurationPlatforms) = preSolution
		Debug|Any CPU = Debug|Any CPU
		Release|Any CPU = Release|Any CPU
	EndGlobalSection
	GlobalSection(ProjectConfigurationPlatforms) = postSolution
		{1F7C8CB2-E6BF-4324-9C98-8FA0D14E7603}.Debug|Any CPU.ActiveCfg = Debug|Any CPU
		{1F7C8CB2-E6BF-4324-9C98-8FA0D14E7603}.Debug|Any CPU.Build.0 = Debug|Any CPU
		{1F7C8CB2-E6BF-4324-9C98-8FA0D14E7603}.Release|Any CPU.ActiveCfg = Release|Any CPU
		{1F7C8CB2-E6BF-4324-9C98-8FA0D14E7603}.Release|Any CPU.Build.0 = Release|Any CPU
	EndGlobalSection
	GlobalSection(SolutionProperties) = preSolution
		HideSolutionNode = FALSE
	EndGlobalSection
	GlobalSection(ExtensibilityGlobals) = postSolution
		SolutionGuid = {A86CFB78-7F42-4A95-8977-82020565AA77}
	EndGlobalSection
EndGlobal
